{
  "nodes": {
    "flake-utils": {
      "inputs": {
        "systems": "systems"
      },
      "locked": {
        "lastModified": 1694529238,
        "narHash": "sha256-zsNZZGTGnMOf9YpHKJqMSsa0dXbfmxeoJ7xHlrt+xmY=",
        "owner": "numtide",
        "repo": "flake-utils",
        "rev": "ff7b65b44d01cf9ba6a71320833626af21126384",
        "type": "github"
      },
      "original": {
        "owner": "numtide",
        "repo": "flake-utils",
        "type": "github"
      }
    },
    "neotree": {
      "flake": false,
      "locked": {
        "lastModified": 1693916828,
        "narHash": "sha256-l/BA+H8vKSUlixsfJLPkjaVryVRn/e0rmJv07V4V9nY=",
        "owner": "nvim-neo-tree",
        "repo": "neo-tree.nvim",
        "rev": "2d89ca96e08eb6e9c8e50e1bb4738bc5125c9f12",
        "type": "github"
      },
      "original": {
        "owner": "nvim-neo-tree",
        "repo": "neo-tree.nvim",
        "type": "github"
      }
    },
    "nixpkgs": {
      "locked": {
        "lastModified": 1694593561,
        "narHash": "sha256-WSaIQZ5s9N9bDFkEMTw6P9eaZ9bv39ZhsiW12GtTNM0=",
        "owner": "nixos",
        "repo": "nixpkgs",
        "rev": "1697b7d480449b01111e352021f46e5879e47643",
        "type": "github"
      },
      "original": {
        "owner": "nixos",
        "ref": "nixpkgs-unstable",
        "repo": "nixpkgs",
        "type": "github"
      }
    },
    "nui": {
      "flake": false,
      "locked": {
        "lastModified": 1693988908,
        "narHash": "sha256-Ao+xnowsZPR9x3Wm439l1QIlgt3Rt6n9DZIqkUKsR1k=",
        "owner": "MunifTanjim",
        "repo": "nui.nvim",
        "rev": "c8de23342caf8d50b15d6b28368d36a56a69d76f",
        "type": "github"
      },
      "original": {
        "owner": "MunifTanjim",
        "repo": "nui.nvim",
        "type": "github"
      }
    },
    "plenary": {
      "flake": false,
      "locked": {
        "lastModified": 1694526433,
        "narHash": "sha256-s3qsKf05X5W1VdZT1vYXGQNK0UaiI+umWUf06Spe4hw=",
        "owner": "nvim-lua",
        "repo": "plenary.nvim",
        "rev": "9ce85b0f7dcfe5358c0be937ad23e456907d410b",
        "type": "github"
      },
      "original": {
        "owner": "nvim-lua",
        "repo": "plenary.nvim",
        "type": "github"
      }
    },
    "root": {
      "inputs": {
        "flake-utils": "flake-utils",
        "neotree": "neotree",
        "nixpkgs": "nixpkgs",
        "nixvim": [
          "nixpkgs"
        ],
        "nui": "nui",
        "plenary": "plenary"
      }
    },
    "systems": {
      "locked": {
        "lastModified": 1681028828,
        "narHash": "sha256-Vy1rq5AaRuLzOxct8nz4T6wlgyUR7zLU309k9mBC768=",
        "owner": "nix-systems",
        "repo": "default",
        "rev": "da67096a3b9bf56a91d16901293e51ba5b49a27e",
        "type": "github"
      },
      "original": {
        "owner": "nix-systems",
        "repo": "default",
        "type": "github"
      }
    }
  },
  "root": "root",
  "version": 7
}
